// !$*UTF8*$!
{
	archiveVersion = 1;
	classes = {
	};
	objectVersion = 77;
	objects = {

/* Begin PBXBuildFile section */
		47D1C9316042922091F481DC /* CBBCoachCore in Frameworks */ = {isa = PBXBuildFile; productRef = EF6CB10E6DF3EA41469DAC21 /* CBBCoachCore */; };
		4A3F436DD523E92D203DACC6 /* CBBCoachApp.swift in Sources */ = {isa = PBXBuildFile; fileRef = 723406DE4B79EAE29077EC7F /* CBBCoachApp.swift */; };
		9D394A79B6E24AAFA775DB6A /* AppTable.swift in Sources */ = {isa = PBXBuildFile; fileRef = F825D4A8D0D74D5DAF643F36 /* AppTable.swift */; };
		BAC5A2D4195FEBA68BD4F156 /* ContentView.swift in Sources */ = {isa = PBXBuildFile; fileRef = A95D0E601B2745C92AF4D82E /* ContentView.swift */; };
/* End PBXBuildFile section */

/* Begin PBXFileReference section */
		039882A13BCBBBEAFE227DE5 /* cbb-coach */ = {isa = PBXFileReference; lastKnownFileType = folder; name = "cbb-coach"; path = .; sourceTree = SOURCE_ROOT; };
		723406DE4B79EAE29077EC7F /* CBBCoachApp.swift */ = {isa = PBXFileReference; lastKnownFileType = sourcecode.swift; path = CBBCoachApp.swift; sourceTree = "<group>"; };
		92A57274091C29C6024125B1 /* Info.plist */ = {isa = PBXFileReference; lastKnownFileType = text.plist; path = Info.plist; sourceTree = "<group>"; };
		A95D0E601B2745C92AF4D82E /* ContentView.swift */ = {isa = PBXFileReference; lastKnownFileType = sourcecode.swift; path = ContentView.swift; sourceTree = "<group>"; };
		CAEE84DF38E8D2CAAF7CBE6A /* CBBCoachApp.app */ = {isa = PBXFileReference; includeInIndex = 0; lastKnownFileType = wrapper.application; path = CBBCoachApp.app; sourceTree = BUILT_PRODUCTS_DIR; };
		F825D4A8D0D74D5DAF643F36 /* AppTable.swift */ = {isa = PBXFileReference; lastKnownFileType = sourcecode.swift; path = AppTable.swift; sourceTree = "<group>"; };
/* End PBXFileReference section */

/* Begin PBXFrameworksBuildPhase section */
		C737738B43EAE073793FC5F9 /* Frameworks */ = {
			isa = PBXFrameworksBuildPhase;
			buildActionMask = 2147483647;
			files = (
				47D1C9316042922091F481DC /* CBBCoachCore in Frameworks */,
			);
			runOnlyForDeploymentPostprocessing = 0;
		};
/* End PBXFrameworksBuildPhase section */

/* Begin PBXGroup section */
		7A2829CD75616C28F2D89C25 = {
			isa = PBXGroup;
			children = (
				98099E94F83CC3F1E15567DB /* iOSApp */,
				8EF2A01E21661A336C478217 /* Packages */,
				EC180B2113D0219024CCE9A0 /* Products */,
			);
			sourceTree = "<group>";
		};
		8EF2A01E21661A336C478217 /* Packages */ = {
			isa = PBXGroup;
			children = (
				039882A13BCBBBEAFE227DE5 /* cbb-coach */,
			);
			name = Packages;
			sourceTree = "<group>";
		};
		98099E94F83CC3F1E15567DB /* iOSApp */ = {
			isa = PBXGroup;
			children = (
				723406DE4B79EAE29077EC7F /* CBBCoachApp.swift */,
				A95D0E601B2745C92AF4D82E /* ContentView.swift */,
				7A7CBA8BFB7D4359A59FDE7A /* Components */,
				92A57274091C29C6024125B1 /* Info.plist */,
			);
			path = iOSApp;
			sourceTree = "<group>";
		};
		7A7CBA8BFB7D4359A59FDE7A /* Components */ = {
			isa = PBXGroup;
			children = (
				F825D4A8D0D74D5DAF643F36 /* AppTable.swift */,
			);
			path = Components;
			sourceTree = "<group>";
		};
		EC180B2113D0219024CCE9A0 /* Products */ = {
			isa = PBXGroup;
			children = (
				CAEE84DF38E8D2CAAF7CBE6A /* CBBCoachApp.app */,
			);
			name = Products;
			sourceTree = "<group>";
		};
/* End PBXGroup section */

/* Begin PBXNativeTarget section */
		D47AE5E6292C387F71CB154A /* CBBCoachApp */ = {
			isa = PBXNativeTarget;
			buildConfigurationList = D6FF09E967F1C31B93925019 /* Build configuration list for PBXNativeTarget "CBBCoachApp" */;
			buildPhases = (
				B897738C0636FAA20D74B6D7 /* Sources */,
				C737738B43EAE073793FC5F9 /* Frameworks */,
			);
			buildRules = (
			);
			dependencies = (
			);
			name = CBBCoachApp;
			packageProductDependencies = (
				EF6CB10E6DF3EA41469DAC21 /* CBBCoachCore */,
			);
			productName = CBBCoachApp;
			productReference = CAEE84DF38E8D2CAAF7CBE6A /* CBBCoachApp.app */;
			productType = "com.apple.product-type.application";
		};
/* End PBXNativeTarget section */

/* Begin PBXProject section */
		124705C53C85B4DC8DA5F9F2 /* Project object */ = {
			isa = PBXProject;
			attributes = {
				BuildIndependentTargetsInParallel = YES;
				LastUpgradeCheck = 1430;
				TargetAttributes = {
					D47AE5E6292C387F71CB154A = {
						DevelopmentTeam = "";
					};
				};
			};
			buildConfigurationList = 8B197760B75F5AA6039D9BE7 /* Build configuration list for PBXProject "CBBCoach" */;
			developmentRegion = en;
			hasScannedForEncodings = 0;
			knownRegions = (
				Base,
				en,
			);
			mainGroup = 7A2829CD75616C28F2D89C25;
			minimizedProjectReferenceProxies = 1;
			packageReferences = (
				C1DE00F75BDEF28D2A12D55B /* XCLocalSwiftPackageReference "." */,
			);
			preferredProjectObjectVersion = 77;
			productRefGroup = EC180B2113D0219024CCE9A0 /* Products */;
			projectDirPath = "";
			projectRoot = "";
			targets = (
				D47AE5E6292C387F71CB154A /* CBBCoachApp */,
			);
		};
/* End PBXProject section */

/* Begin PBXSourcesBuildPhase section */
		B897738C0636FAA20D74B6D7 /* Sources */ = {
			isa = PBXSourcesBuildPhase;
			buildActionMask = 2147483647;
			files = (
				4A3F436DD523E92D203DACC6 /* CBBCoachApp.swift in Sources */,
				9D394A79B6E24AAFA775DB6A /* AppTable.swift in Sources */,
				BAC5A2D4195FEBA68BD4F156 /* ContentView.swift in Sources */,
			);
			runOnlyForDeploymentPostprocessing = 0;
		};
/* End PBXSourcesBuildPhase section */

/* Begin XCBuildConfiguration section */
		1D909931E0C409FE0451ADD4 /* Debug */ = {
			isa = XCBuildConfiguration;
			buildSettings = {
				ASSETCATALOG_COMPILER_APPICON_NAME = AppIcon;
				CODE_SIGN_IDENTITY = "iPhone Developer";
				CURRENT_PROJECT_VERSION = 1;
				DEVELOPMENT_TEAM = "";
				INFOPLIST_FILE = iOSApp/Info.plist;
				IPHONEOS_DEPLOYMENT_TARGET = 17.0;
				LD_RUNPATH_SEARCH_PATHS = (
					"$(inherited)",
					"@executable_path/Frameworks",
				);
				MARKETING_VERSION = 1.0;
				PRODUCT_BUNDLE_IDENTIFIER = com.casey.cbbcoach;
				SDKROOT = iphoneos;
				SWIFT_VERSION = 6.0;
				TARGETED_DEVICE_FAMILY = "1,2";
			};
			name = Debug;
		};
		51949CCE9402A2CF458C1D1B /* Release */ = {
			isa = XCBuildConfiguration;
			buildSettings = {
				ALWAYS_SEARCH_USER_PATHS = NO;
				CLANG_ANALYZER_NONNULL = YES;
				CLANG_ANALYZER_NUMBER_OBJECT_CONVERSION = YES_AGGRESSIVE;
				CLANG_CXX_LANGUAGE_STANDARD = "gnu++14";
				CLANG_CXX_LIBRARY = "libc++";
				CLANG_ENABLE_MODULES = YES;
				CLANG_ENABLE_OBJC_ARC = YES;
				CLANG_ENABLE_OBJC_WEAK = YES;
				CLANG_WARN_BLOCK_CAPTURE_AUTORELEASING = YES;
				CLANG_WARN_BOOL_CONVERSION = YES;
				CLANG_WARN_COMMA = YES;
				CLANG_WARN_CONSTANT_CONVERSION = YES;
				CLANG_WARN_DEPRECATED_OBJC_IMPLEMENTATIONS = YES;
				CLANG_WARN_DIRECT_OBJC_ISA_USAGE = YES_ERROR;
				CLANG_WARN_DOCUMENTATION_COMMENTS = YES;
				CLANG_WARN_EMPTY_BODY = YES;
				CLANG_WARN_ENUM_CONVERSION = YES;
				CLANG_WARN_INFINITE_RECURSION = YES;
				CLANG_WARN_INT_CONVERSION = YES;
				CLANG_WARN_NON_LITERAL_NULL_CONVERSION = YES;
				CLANG_WARN_OBJC_IMPLICIT_RETAIN_SELF = YES;
				CLANG_WARN_OBJC_LITERAL_CONVERSION = YES;
				CLANG_WARN_OBJC_ROOT_CLASS = YES_ERROR;
				CLANG_WARN_QUOTED_INCLUDE_IN_FRAMEWORK_HEADER = YES;
				CLANG_WARN_RANGE_LOOP_ANALYSIS = YES;
				CLANG_WARN_STRICT_PROTOTYPES = YES;
				CLANG_WARN_SUSPICIOUS_MOVE = YES;
				CLANG_WARN_UNGUARDED_AVAILABILITY = YES_AGGRESSIVE;
				CLANG_WARN_UNREACHABLE_CODE = YES;
				CLANG_WARN__DUPLICATE_METHOD_MATCH = YES;
				COPY_PHASE_STRIP = NO;
				DEBUG_INFORMATION_FORMAT = "dwarf-with-dsym";
				ENABLE_NS_ASSERTIONS = NO;
				ENABLE_STRICT_OBJC_MSGSEND = YES;
				GCC_C_LANGUAGE_STANDARD = gnu11;
				GCC_NO_COMMON_BLOCKS = YES;
				GCC_WARN_64_TO_32_BIT_CONVERSION = YES;
				GCC_WARN_ABOUT_RETURN_TYPE = YES_ERROR;
				GCC_WARN_UNDECLARED_SELECTOR = YES;
				GCC_WARN_UNINITIALIZED_AUTOS = YES_AGGRESSIVE;
				GCC_WARN_UNUSED_FUNCTION = YES;
				GCC_WARN_UNUSED_VARIABLE = YES;
				MTL_ENABLE_DEBUG_INFO = NO;
				MTL_FAST_MATH = YES;
				PRODUCT_NAME = "$(TARGET_NAME)";
				SDKROOT = iphoneos;
				SWIFT_COMPILATION_MODE = wholemodule;
				SWIFT_OPTIMIZATION_LEVEL = "-O";
				SWIFT_VERSION = 5.0;
			};
			name = Release;
		};
		5D8F160D739A7BD7BBC1FF69 /* Release */ = {
			isa = XCBuildConfiguration;
			buildSettings = {
				ASSETCATALOG_COMPILER_APPICON_NAME = AppIcon;
				CODE_SIGN_IDENTITY = "iPhone Developer";
				CURRENT_PROJECT_VERSION = 1;
				DEVELOPMENT_TEAM = "";
				INFOPLIST_FILE = iOSApp/Info.plist;
				IPHONEOS_DEPLOYMENT_TARGET = 17.0;
				LD_RUNPATH_SEARCH_PATHS = (
					"$(inherited)",
					"@executable_path/Frameworks",
				);
				MARKETING_VERSION = 1.0;
				PRODUCT_BUNDLE_IDENTIFIER = com.casey.cbbcoach;
				SDKROOT = iphoneos;
				SWIFT_VERSION = 6.0;
				TARGETED_DEVICE_FAMILY = "1,2";
			};
			name = Release;
		};
		816FCEC08B8E9AC6ACBE9405 /* Debug */ = {
			isa = XCBuildConfiguration;
			buildSettings = {
				ALWAYS_SEARCH_USER_PATHS = NO;
				CLANG_ANALYZER_NONNULL = YES;
				CLANG_ANALYZER_NUMBER_OBJECT_CONVERSION = YES_AGGRESSIVE;
				CLANG_CXX_LANGUAGE_STANDARD = "gnu++14";
				CLANG_CXX_LIBRARY = "libc++";
				CLANG_ENABLE_MODULES = YES;
				CLANG_ENABLE_OBJC_ARC = YES;
				CLANG_ENABLE_OBJC_WEAK = YES;
				CLANG_WARN_BLOCK_CAPTURE_AUTORELEASING = YES;
				CLANG_WARN_BOOL_CONVERSION = YES;
				CLANG_WARN_COMMA = YES;
				CLANG_WARN_CONSTANT_CONVERSION = YES;
				CLANG_WARN_DEPRECATED_OBJC_IMPLEMENTATIONS = YES;
				CLANG_WARN_DIRECT_OBJC_ISA_USAGE = YES_ERROR;
				CLANG_WARN_DOCUMENTATION_COMMENTS = YES;
				CLANG_WARN_EMPTY_BODY = YES;
				CLANG_WARN_ENUM_CONVERSION = YES;
				CLANG_WARN_INFINITE_RECURSION = YES;
				CLANG_WARN_INT_CONVERSION = YES;
				CLANG_WARN_NON_LITERAL_NULL_CONVERSION = YES;
				CLANG_WARN_OBJC_IMPLICIT_RETAIN_SELF = YES;
				CLANG_WARN_OBJC_LITERAL_CONVERSION = YES;
				CLANG_WARN_OBJC_ROOT_CLASS = YES_ERROR;
				CLANG_WARN_QUOTED_INCLUDE_IN_FRAMEWORK_HEADER = YES;
				CLANG_WARN_RANGE_LOOP_ANALYSIS = YES;
				CLANG_WARN_STRICT_PROTOTYPES = YES;
				CLANG_WARN_SUSPICIOUS_MOVE = YES;
				CLANG_WARN_UNGUARDED_AVAILABILITY = YES_AGGRESSIVE;
				CLANG_WARN_UNREACHABLE_CODE = YES;
				CLANG_WARN__DUPLICATE_METHOD_MATCH = YES;
				COPY_PHASE_STRIP = NO;
				DEBUG_INFORMATION_FORMAT = dwarf;
				ENABLE_STRICT_OBJC_MSGSEND = YES;
				ENABLE_TESTABILITY = YES;
				GCC_C_LANGUAGE_STANDARD = gnu11;
				GCC_DYNAMIC_NO_PIC = NO;
				GCC_NO_COMMON_BLOCKS = YES;
				GCC_OPTIMIZATION_LEVEL = 0;
				GCC_PREPROCESSOR_DEFINITIONS = (
					"$(inherited)",
					"DEBUG=1",
				);
				GCC_WARN_64_TO_32_BIT_CONVERSION = YES;
				GCC_WARN_ABOUT_RETURN_TYPE = YES_ERROR;
				GCC_WARN_UNDECLARED_SELECTOR = YES;
				GCC_WARN_UNINITIALIZED_AUTOS = YES_AGGRESSIVE;
				GCC_WARN_UNUSED_FUNCTION = YES;
				GCC_WARN_UNUSED_VARIABLE = YES;
				MTL_ENABLE_DEBUG_INFO = INCLUDE_SOURCE;
				MTL_FAST_MATH = YES;
				ONLY_ACTIVE_ARCH = YES;
				PRODUCT_NAME = "$(TARGET_NAME)";
				SDKROOT = iphoneos;
				SWIFT_ACTIVE_COMPILATION_CONDITIONS = DEBUG;
				SWIFT_OPTIMIZATION_LEVEL = "-Onone";
				SWIFT_VERSION = 5.0;
			};
			name = Debug;
		};
/* End XCBuildConfiguration section */

/* Begin XCConfigurationList section */
		8B197760B75F5AA6039D9BE7 /* Build configuration list for PBXProject "CBBCoach" */ = {
			isa = XCConfigurationList;
			buildConfigurations = (
				816FCEC08B8E9AC6ACBE9405 /* Debug */,
				51949CCE9402A2CF458C1D1B /* Release */,
			);
			defaultConfigurationIsVisible = 0;
			defaultConfigurationName = Debug;
		};
		D6FF09E967F1C31B93925019 /* Build configuration list for PBXNativeTarget "CBBCoachApp" */ = {
			isa = XCConfigurationList;
			buildConfigurations = (
				1D909931E0C409FE0451ADD4 /* Debug */,
				5D8F160D739A7BD7BBC1FF69 /* Release */,
			);
			defaultConfigurationIsVisible = 0;
			defaultConfigurationName = Debug;
		};
/* End XCConfigurationList section */

/* Begin XCLocalSwiftPackageReference section */
		C1DE00F75BDEF28D2A12D55B /* XCLocalSwiftPackageReference "." */ = {
			isa = XCLocalSwiftPackageReference;
			relativePath = .;
		};
/* End XCLocalSwiftPackageReference section */

/* Begin XCSwiftPackageProductDependency section */
		EF6CB10E6DF3EA41469DAC21 /* CBBCoachCore */ = {
			isa = XCSwiftPackageProductDependency;
			productName = CBBCoachCore;
		};
/* End XCSwiftPackageProductDependency section */
	};
	rootObject = 124705C53C85B4DC8DA5F9F2 /* Project object */;
}
